
Microsoft Visual Studio Solution File, Format Version 12.00
# Visual Studio 15
VisualStudioVersion = 15.0.27703.2035
MinimumVisualStudioVersion = 10.0.40219.1
Project("{FAE04EC0-301F-11D3-BF4B-00C04F79EFBC}") = "BankData", "BankData\BankData.csproj", "{EE00A957-9ACA-4A81-8BFC-56326AF9BCF0}"
EndProject
Global
	GlobalSection(SolutionConfigurationPlatforms) = preSolution
		Debug|Any CPU = Debug|Any CPU
		Release|Any CPU = Release|Any CPU
	EndGlobalSection
	GlobalSection(ProjectConfigurationPlatforms) = postSolution
		{EE00A957-9ACA-4A81-8BFC-56326AF9BCF0}.Debug|Any CPU.ActiveCfg = Debug|Any CPU
		{EE00A957-9ACA-4A81-8BFC-56326AF9BCF0}.Debug|Any CPU.Build.0 = Debug|Any CPU
		{EE00A957-9ACA-4A81-8BFC-56326AF9BCF0}.Release|Any CPU.ActiveCfg = Release|Any CPU
		{EE00A957-9ACA-4A81-8BFC-56326AF9BCF0}.Release|Any CPU.Build.0 = Release|Any CPU
	EndGlobalSection
	GlobalSection(SolutionProperties) = preSolution
		HideSolutionNode = FALSE
	EndGlobalSection
	GlobalSection(ExtensibilityGlobals) = postSolution
		SolutionGuid = {0140F37D-C15F-4164-8803-36D0D3292143}
	EndGlobalSection
EndGlobal
